
Microsoft Visual Studio Solution File, Format Version 12.00
# Visual Studio Version 16
VisualStudioVersion = 16.0.28803.202
MinimumVisualStudioVersion = 10.0.40219.1
Project("{9A19103F-16F7-4668-BE54-9A1E7A4F7556}") = "RHEMAChurchManager", "RHEMAChurchManager\RHEMAChurchManager.csproj", "{6014B152-42E8-4291-B3BA-3069B9320580}"
EndProject
Project("{FAE04EC0-301F-11D3-BF4B-00C04F79EFBC}") = "ChurchProData", "ChurchProData\ChurchProData.csproj", "{078BA10C-3168-4BF5-AD07-72E651B03D14}"
EndProject
Global
	GlobalSection(SolutionConfigurationPlatforms) = preSolution
		Debug|Any CPU = Debug|Any CPU
		Release|Any CPU = Release|Any CPU
	EndGlobalSection
	GlobalSection(ProjectConfigurationPlatforms) = postSolution
		{6014B152-42E8-4291-B3BA-3069B9320580}.Debug|Any CPU.ActiveCfg = Debug|Any CPU
		{6014B152-42E8-4291-B3BA-3069B9320580}.Debug|Any CPU.Build.0 = Debug|Any CPU
		{6014B152-42E8-4291-B3BA-3069B9320580}.Release|Any CPU.ActiveCfg = Release|Any CPU
		{6014B152-42E8-4291-B3BA-3069B9320580}.Release|Any CPU.Build.0 = Release|Any CPU
		{078BA10C-3168-4BF5-AD07-72E651B03D14}.Debug|Any CPU.ActiveCfg = Debug|Any CPU
		{078BA10C-3168-4BF5-AD07-72E651B03D14}.Debug|Any CPU.Build.0 = Debug|Any CPU
		{078BA10C-3168-4BF5-AD07-72E651B03D14}.Release|Any CPU.ActiveCfg = Release|Any CPU
		{078BA10C-3168-4BF5-AD07-72E651B03D14}.Release|Any CPU.Build.0 = Release|Any CPU
	EndGlobalSection
	GlobalSection(SolutionProperties) = preSolution
		HideSolutionNode = FALSE
	EndGlobalSection
	GlobalSection(ExtensibilityGlobals) = postSolution
		SolutionGuid = {5BC21C00-06E0-4A36-AA81-163F00E93AB0}
	EndGlobalSection
EndGlobal
